
Microsoft Visual Studio Solution File, Format Version 12.00
# Visual Studio Version 16
VisualStudioVersion = 16.0.33027.164
MinimumVisualStudioVersion = 10.0.40219.1
Project("{FAE04EC0-301F-11D3-BF4B-00C04F79EFBC}") = "kursach", "kursach\kursach.csproj", "{A576A7EB-548A-4798-A600-62E11D121B3F}"
EndProject
Project("{54435603-DBB4-11D2-8724-00A0C9A8B90C}") = "Setup", "Setup\Setup.vdproj", "{C5838F89-48D8-4858-A3E1-3BA643A46195}"
EndProject
Global
	GlobalSection(SolutionConfigurationPlatforms) = preSolution
		Debug|Any CPU = Debug|Any CPU
		Release|Any CPU = Release|Any CPU
	EndGlobalSection
	GlobalSection(ProjectConfigurationPlatforms) = postSolution
		{A576A7EB-548A-4798-A600-62E11D121B3F}.Debug|Any CPU.ActiveCfg = Debug|Any CPU
		{A576A7EB-548A-4798-A600-62E11D121B3F}.Debug|Any CPU.Build.0 = Debug|Any CPU
		{A576A7EB-548A-4798-A600-62E11D121B3F}.Release|Any CPU.ActiveCfg = Release|Any CPU
		{A576A7EB-548A-4798-A600-62E11D121B3F}.Release|Any CPU.Build.0 = Release|Any CPU
		{C5838F89-48D8-4858-A3E1-3BA643A46195}.Debug|Any CPU.ActiveCfg = Debug
		{C5838F89-48D8-4858-A3E1-3BA643A46195}.Release|Any CPU.ActiveCfg = Release
	EndGlobalSection
	GlobalSection(SolutionProperties) = preSolution
		HideSolutionNode = FALSE
	EndGlobalSection
	GlobalSection(ExtensibilityGlobals) = postSolution
		SolutionGuid = {2766E5F9-3DE5-4B98-9639-89FB22F9868A}
	EndGlobalSection
EndGlobal
